
Microsoft Visual Studio Solution File, Format Version 12.00
# Visual Studio Version 16
VisualStudioVersion = 16.0.29926.136
MinimumVisualStudioVersion = 10.0.40219.1
Project("{FAE04EC0-301F-11D3-BF4B-00C04F79EFBC}") = "Sorting Algorithms", "Sorting Algorithms\Sorting Algorithms.csproj", "{CFAED494-A25C-4F08-97DA-ACD260E15C44}"
EndProject
Global
	GlobalSection(SolutionConfigurationPlatforms) = preSolution
		Debug|Any CPU = Debug|Any CPU
		Release|Any CPU = Release|Any CPU
	EndGlobalSection
	GlobalSection(ProjectConfigurationPlatforms) = postSolution
		{CFAED494-A25C-4F08-97DA-ACD260E15C44}.Debug|Any CPU.ActiveCfg = Debug|Any CPU
		{CFAED494-A25C-4F08-97DA-ACD260E15C44}.Debug|Any CPU.Build.0 = Debug|Any CPU
		{CFAED494-A25C-4F08-97DA-ACD260E15C44}.Release|Any CPU.ActiveCfg = Release|Any CPU
		{CFAED494-A25C-4F08-97DA-ACD260E15C44}.Release|Any CPU.Build.0 = Release|Any CPU
	EndGlobalSection
	GlobalSection(SolutionProperties) = preSolution
		HideSolutionNode = FALSE
	EndGlobalSection
	GlobalSection(ExtensibilityGlobals) = postSolution
		SolutionGuid = {4CB90993-D5E3-4900-A111-52833559449B}
	EndGlobalSection
EndGlobal
