
Microsoft Visual Studio Solution File, Format Version 12.00
# Visual Studio Version 16
VisualStudioVersion = 16.0.29926.136
MinimumVisualStudioVersion = 10.0.40219.1
Project("{9A19103F-16F7-4668-BE54-9A1E7A4F7556}") = "Sorting Algorithms", "Sorting Algorithms\Sorting Algorithms.csproj", "{CFAED494-A25C-4F08-97DA-ACD260E15C44}"
EndProject
Project("{9A19103F-16F7-4668-BE54-9A1E7A4F7556}") = "Algorithm", "Algorithm\Algorithm.csproj", "{EE6A0FBE-81C7-4BE9-A1EA-B77F80C33657}"
EndProject
Project("{9A19103F-16F7-4668-BE54-9A1E7A4F7556}") = "AlgorithmTests", "AlgorithmTests\AlgorithmTests.csproj", "{83711C30-59E6-4358-ABDB-08F2C42C6C7C}"
EndProject
Global
	GlobalSection(SolutionConfigurationPlatforms) = preSolution
		Debug|Any CPU = Debug|Any CPU
		Release|Any CPU = Release|Any CPU
	EndGlobalSection
	GlobalSection(ProjectConfigurationPlatforms) = postSolution
		{CFAED494-A25C-4F08-97DA-ACD260E15C44}.Debug|Any CPU.ActiveCfg = Debug|Any CPU
		{CFAED494-A25C-4F08-97DA-ACD260E15C44}.Debug|Any CPU.Build.0 = Debug|Any CPU
		{CFAED494-A25C-4F08-97DA-ACD260E15C44}.Release|Any CPU.ActiveCfg = Release|Any CPU
		{CFAED494-A25C-4F08-97DA-ACD260E15C44}.Release|Any CPU.Build.0 = Release|Any CPU
		{EE6A0FBE-81C7-4BE9-A1EA-B77F80C33657}.Debug|Any CPU.ActiveCfg = Debug|Any CPU
		{EE6A0FBE-81C7-4BE9-A1EA-B77F80C33657}.Debug|Any CPU.Build.0 = Debug|Any CPU
		{EE6A0FBE-81C7-4BE9-A1EA-B77F80C33657}.Release|Any CPU.ActiveCfg = Release|Any CPU
		{EE6A0FBE-81C7-4BE9-A1EA-B77F80C33657}.Release|Any CPU.Build.0 = Release|Any CPU
		{83711C30-59E6-4358-ABDB-08F2C42C6C7C}.Debug|Any CPU.ActiveCfg = Debug|Any CPU
		{83711C30-59E6-4358-ABDB-08F2C42C6C7C}.Debug|Any CPU.Build.0 = Debug|Any CPU
		{83711C30-59E6-4358-ABDB-08F2C42C6C7C}.Release|Any CPU.ActiveCfg = Release|Any CPU
		{83711C30-59E6-4358-ABDB-08F2C42C6C7C}.Release|Any CPU.Build.0 = Release|Any CPU
	EndGlobalSection
	GlobalSection(SolutionProperties) = preSolution
		HideSolutionNode = FALSE
	EndGlobalSection
	GlobalSection(ExtensibilityGlobals) = postSolution
		SolutionGuid = {4CB90993-D5E3-4900-A111-52833559449B}
	EndGlobalSection
EndGlobal
